{
  "name": "deneme123",
  "lockfileVersion": 3,
  "requires": true,
  "packages": {
    "": {
      "name": "deneme123",
      "dependencies": {
        "cocos2d": "^0.1.1"
      }
    },
    "node_modules/cocos2d": {
      "version": "0.1.1",
      "resolved": "https://registry.npmjs.org/cocos2d/-/cocos2d-0.1.1.tgz",
      "integrity": "sha512-0sXJtowiikt6YaYcGTL/Hg2Qb/GQL0/n/C7PVgLB153ohHcIoVpeyCM2RG5x59Dw/UjNrHZ/KEudoT0AC9uLmQ==",
      "bin": {
        "cocos": "bin/cocos.js"
      },
      "engines": {
        "node": ">= 0.2.0"
      }
    }
  }
}
